{
  "version": "3",
  "remote": {
    "https://deno.land/std@0.195.0/http/http_status.ts": "8a7bcfe3ac025199ad804075385e57f63d055b2aed539d943ccc277616d6f932",
    "https://deno.land/std@0.205.0/http/http_status.ts": "033a8b0f2949eaf8f3b58bb400ff7aa4d1b8d3bff6f3ad252c9afda1845fd23f",
    "https://deno.land/std@0.205.0/http/status.ts": "1353e82e27996ef123dc625e5fcc9d66b94d92e5175879fa5e9f0dc39330206a",
    "https://deno.land/x/hono@v3.10.0-rc.1/adapter/deno/serve-static.ts": "ba10cf6aaf39da942b0d49c3b9877ddba69d41d414c6551d890beb1085f58eea",
    "https://deno.land/x/hono@v3.10.0-rc.1/compose.ts": "501c8ada9d9b0fb375e3c9954ce7c4922cf562bfec8e80744bac47020754034d",
    "https://deno.land/x/hono@v3.10.0-rc.1/context.ts": "cc79c2c40433a8ca6ae3c963d4e2de7f139982952057957839341ed93f260b8b",
    "https://deno.land/x/hono@v3.10.0-rc.1/helper/adapter/index.ts": "fde919d3f2a84d2d73f6c7c070ffb326060dc835faffc70380c5ce285f42023d",
    "https://deno.land/x/hono@v3.10.0-rc.1/helper/cookie/index.ts": "55ccd20bbd8d9a8bb2ecd998e90845c1d306c19027f54b3d1b89a5be35968b80",
    "https://deno.land/x/hono@v3.10.0-rc.1/helper/html/index.ts": "a5028d8170dcc030d003749e743213e6532ff65798b741b81220207abc9af82d",
    "https://deno.land/x/hono@v3.10.0-rc.1/hono-base.ts": "998ec910cbe0353407e95b93b7722fa1e39c23a06aa35552ab03441380fd4579",
    "https://deno.land/x/hono@v3.10.0-rc.1/hono.ts": "2cc4c292e541463a4d6f83edbcea58048d203e9564ae62ec430a3d466b49a865",
    "https://deno.land/x/hono@v3.10.0-rc.1/http-exception.ts": "6071df078b5f76d279684d52fe82a590f447a64ffe1b75eb5064d0c8a8d2d676",
    "https://deno.land/x/hono@v3.10.0-rc.1/jsx/index.ts": "82457f27d59b671f4c2265fc1fd8c111f847a77ec18d7ac0f5dd362c5df53ecc",
    "https://deno.land/x/hono@v3.10.0-rc.1/jsx/intrinsic-elements.ts": "03250beb610bda1c72017bc0912c2505ff764b7a8d869e7e4add40eb4cfec096",
    "https://deno.land/x/hono@v3.10.0-rc.1/middleware.ts": "57b2047c4b9d775a052a9c44a3b805802c1d1cb477ab9c4bb6185d27382d1b96",
    "https://deno.land/x/hono@v3.10.0-rc.1/middleware/basic-auth/index.ts": "5505288ccf9364f56f7be2dfac841543b72e20656e54ac646a1a73a0aa853261",
    "https://deno.land/x/hono@v3.10.0-rc.1/middleware/bearer-auth/index.ts": "d11fe14e0a3006f6d35c391e455fe20d8ece9561e48b6a5580e4b87dd491cd90",
    "https://deno.land/x/hono@v3.10.0-rc.1/middleware/cache/index.ts": "9e5d31d33206bb5dba46dde16ed606dd2cb361d75c26b02e02c72bd1fb6fe53e",
    "https://deno.land/x/hono@v3.10.0-rc.1/middleware/compress/index.ts": "85d315c9a942d7758e5c524dc94b736124646a56752e56c6e4284f3989b4692a",
    "https://deno.land/x/hono@v3.10.0-rc.1/middleware/cors/index.ts": "d481eba7e05d3448cd326d3dca8b9c7e16ecf0d27a37fd7d700485834123ae5e",
    "https://deno.land/x/hono@v3.10.0-rc.1/middleware/etag/index.ts": "4ad675e108dc98dccca0e9e35cd903701669a1aea676b8b51266c3b602e4d54c",
    "https://deno.land/x/hono@v3.10.0-rc.1/middleware/jsx-renderer/index.ts": "3964da562ce2c6275d8027192325ee2b6060472d5502dcb16d0783033162e1ba",
    "https://deno.land/x/hono@v3.10.0-rc.1/middleware/jwt/index.ts": "c6e02a94a3911299d21392b3b1f8710bda7cacf0d60db59c0e2f0d9fa8ff1a70",
    "https://deno.land/x/hono@v3.10.0-rc.1/middleware/logger/index.ts": "c139f372f482baeffbad68b14bef990e011fe8df578dcee71fb612ffad7fe748",
    "https://deno.land/x/hono@v3.10.0-rc.1/middleware/powered-by/index.ts": "c36b7a3d1322c6a37f3d1510f7ff04a85aa6cacfac2173e5f1913eb16c3cc869",
    "https://deno.land/x/hono@v3.10.0-rc.1/middleware/pretty-json/index.ts": "f6967ceecdb42c95ddd5e2e7bc8545d3e8bda111fa659f3f1336b2e6fe6b0bb0",
    "https://deno.land/x/hono@v3.10.0-rc.1/middleware/secure-headers/index.ts": "d2b8a7978e3d201ead5ac8fd22e3adc9094189aebcba0d9cd51b98773927a5d5",
    "https://deno.land/x/hono@v3.10.0-rc.1/middleware/timing/index.ts": "d6976a07d9d51a7b26dae1311fe51d0744f7d234498bac3fe024ec7088c0ca47",
    "https://deno.land/x/hono@v3.10.0-rc.1/request.ts": "52330303dd7a3bf4f580fde0463ba608bc4c88a8b7b5edd7c1327064c7cf65ce",
    "https://deno.land/x/hono@v3.10.0-rc.1/router.ts": "39d573f48baee429810cd583c931dd44274273c30804d538c86967d310ea4ab5",
    "https://deno.land/x/hono@v3.10.0-rc.1/router/reg-exp-router/index.ts": "52755829213941756159b7a963097bafde5cc4fc22b13b1c7c9184dc0512d1db",
    "https://deno.land/x/hono@v3.10.0-rc.1/router/reg-exp-router/node.ts": "5b3fb80411db04c65df066e69fedb2c8c0844753c2633d703336de84d569252c",
    "https://deno.land/x/hono@v3.10.0-rc.1/router/reg-exp-router/router.ts": "fbe8917aa24fe25d0208bfa82ce7f49ba0507f9ae158d4d0c177f6a061b0a561",
    "https://deno.land/x/hono@v3.10.0-rc.1/router/reg-exp-router/trie.ts": "852ce7207e6701e47fa30889a0d2b8bfcd56d8862c97e7bc9831e0a64bd8835f",
    "https://deno.land/x/hono@v3.10.0-rc.1/router/smart-router/index.ts": "74f9b4fe15ea535900f2b9b048581915f12fe94e531dd2b0032f5610e61c3bef",
    "https://deno.land/x/hono@v3.10.0-rc.1/router/smart-router/router.ts": "71979c06b32b093960a6e8efc4c185e558f280bff18846b8b1cdc757ade6ff99",
    "https://deno.land/x/hono@v3.10.0-rc.1/router/trie-router/index.ts": "3eb75e7f71ba81801631b30de6b1f5cefb2c7239c03797e2b2cbab5085911b41",
    "https://deno.land/x/hono@v3.10.0-rc.1/router/trie-router/node.ts": "3af15fa9c9994a8664a2b7a7c11233504b5bb9d4fcf7bb34cf30d7199052c39f",
    "https://deno.land/x/hono@v3.10.0-rc.1/router/trie-router/router.ts": "54ced78d35676302c8fcdda4204f7bdf5a7cc907fbf9967c75674b1e394f830d",
    "https://deno.land/x/hono@v3.10.0-rc.1/types.ts": "e63cac1b0a85d585fa8163d1204bb1c029c4b680dc3b13d4ee90dd94bb182d4c",
    "https://deno.land/x/hono@v3.10.0-rc.1/utils/body.ts": "7a16a6656331a96bcae57642f8d5e3912bd361cbbcc2c0d2157ecc3f218f7a92",
    "https://deno.land/x/hono@v3.10.0-rc.1/utils/buffer.ts": "9066a973e64498cb262c7e932f47eed525a51677b17f90893862b7279dc0773e",
    "https://deno.land/x/hono@v3.10.0-rc.1/utils/cookie.ts": "19920ba6756944aae1ad8585c3ddeaa9df479733f59d05359db096f7361e5e4b",
    "https://deno.land/x/hono@v3.10.0-rc.1/utils/crypto.ts": "bda0e141bbe46d3a4a20f8fbcb6380d473b617123d9fdfa93e4499410b537acc",
    "https://deno.land/x/hono@v3.10.0-rc.1/utils/encode.ts": "3b7c7d736123b5073542b34321700d4dbf5ff129c138f434bb2144a4d425ee89",
    "https://deno.land/x/hono@v3.10.0-rc.1/utils/filepath.ts": "18461b055a914d6da85077f453051b516281bb17cf64fa74bf5ef604dc9d2861",
    "https://deno.land/x/hono@v3.10.0-rc.1/utils/html.ts": "9dac0ef4014170bbd387c20913e60d6f506ecd95ba931c0e5a86e50962c118fe",
    "https://deno.land/x/hono@v3.10.0-rc.1/utils/http-status.ts": "e0c4343ea7717c314dc600131e16b636c29d61cfdaf9df93b267258d1729d1a0",
    "https://deno.land/x/hono@v3.10.0-rc.1/utils/jwt/index.ts": "5e4b82a42eb3603351dfce726cd781ca41cb57437395409d227131aec348d2d5",
    "https://deno.land/x/hono@v3.10.0-rc.1/utils/jwt/jwt.ts": "02ff7bbf1298ffcc7a40266842f8eac44b6c136453e32d4441e24d0cbfba3a95",
    "https://deno.land/x/hono@v3.10.0-rc.1/utils/jwt/types.ts": "58ddf908f76ba18d9c62ddfc2d1e40cc2e306bf987409a6169287efa81ce2546",
    "https://deno.land/x/hono@v3.10.0-rc.1/utils/mime.ts": "0105d2b5e8e91f07acc70f5d06b388313995d62af23c802fcfba251f5a744d95",
    "https://deno.land/x/hono@v3.10.0-rc.1/utils/stream.ts": "1789dcc73c5b0ede28f83d7d34e47ae432c20e680907cb3275a9c9187f293983",
    "https://deno.land/x/hono@v3.10.0-rc.1/utils/types.ts": "ddff055e6d35066232efdfbd42c8954e855c04279c27dcd735d929b6b4f319b3",
    "https://deno.land/x/hono@v3.10.0-rc.1/utils/url.ts": "5fc3307ef3cb2e6f34ec2a03e3d7f2126c6a9f5f0eab677222df3f0e40bd7567",
    "https://deno.land/x/hono@v3.3.1/adapter/deno/serve-static.ts": "3ff72406ed66d800459c6a930c6a19b6d37019afe233cb65b43bb944b17147a3",
    "https://deno.land/x/hono@v3.3.1/compose.ts": "e55ed7be2134f363ff3c8e8e2f520ff682c6a11a47d7189100ed69704ce10b9e",
    "https://deno.land/x/hono@v3.3.1/context.ts": "a9d2dba3528df1a804d78630f867a8aaee2ebc8b498c5c781eeb057539dedb20",
    "https://deno.land/x/hono@v3.3.1/hono-base.ts": "4b5ca6acc83cb9cdbff57ed564628b07fc0f957a983310002f609ed79aaa80e5",
    "https://deno.land/x/hono@v3.3.1/hono.ts": "c185fae30dc3aa9966b0f3e8599f81314ba5e8621b907d27cffb77414a1c0908",
    "https://deno.land/x/hono@v3.3.1/http-exception.ts": "6071df078b5f76d279684d52fe82a590f447a64ffe1b75eb5064d0c8a8d2d676",
    "https://deno.land/x/hono@v3.3.1/middleware.ts": "45f7b75d3e589dcae6952cd5b4fa460c3c1a7cf8155fdae74e69bac4e5615f25",
    "https://deno.land/x/hono@v3.3.1/middleware/basic-auth/index.ts": "5505288ccf9364f56f7be2dfac841543b72e20656e54ac646a1a73a0aa853261",
    "https://deno.land/x/hono@v3.3.1/middleware/bearer-auth/index.ts": "11d4ead9b57f5bcb2b6b4bf27076871f15da0e1e8828b2b79d90c15423357b47",
    "https://deno.land/x/hono@v3.3.1/middleware/cache/index.ts": "9e5d31d33206bb5dba46dde16ed606dd2cb361d75c26b02e02c72bd1fb6fe53e",
    "https://deno.land/x/hono@v3.3.1/middleware/compress/index.ts": "0b8ddbd70688361d5ef4e9418afa28affe2500a7f41a231a87873dad26ef5548",
    "https://deno.land/x/hono@v3.3.1/middleware/cookie/index.ts": "36d767c74a26cbb4dca581a0817e72cb698cd218d3f58176f38c04d421770940",
    "https://deno.land/x/hono@v3.3.1/middleware/cors/index.ts": "c227e20bdd6481120e39a222e8dcec24ab129714748f68f3ddc859ef6855fe0f",
    "https://deno.land/x/hono@v3.3.1/middleware/etag/index.ts": "f4b5e162422fee40fb9dbd888092e955fc40608892b16931df9b0bba0b5525d0",
    "https://deno.land/x/hono@v3.3.1/middleware/html/index.ts": "a5028d8170dcc030d003749e743213e6532ff65798b741b81220207abc9af82d",
    "https://deno.land/x/hono@v3.3.1/middleware/jsx/index.ts": "b86d2b1f333ccb3a6ffc3c77928ef8734cdfce90f10b26b01682dfd4fe192b5e",
    "https://deno.land/x/hono@v3.3.1/middleware/jwt/index.ts": "6a8fa9ca42e49756dd1b8db6f0abe5b6684681ece8fc7f65a4892f7a82000236",
    "https://deno.land/x/hono@v3.3.1/middleware/logger/index.ts": "c139f372f482baeffbad68b14bef990e011fe8df578dcee71fb612ffad7fe748",
    "https://deno.land/x/hono@v3.3.1/middleware/powered-by/index.ts": "c36b7a3d1322c6a37f3d1510f7ff04a85aa6cacfac2173e5f1913eb16c3cc869",
    "https://deno.land/x/hono@v3.3.1/middleware/pretty-json/index.ts": "f4a4b2fa2ecb73e23da6f0ef716fe7d6a7f05c69f64dc7f89fc68cbcb204a87f",
    "https://deno.land/x/hono@v3.3.1/middleware/timing/index.ts": "d6976a07d9d51a7b26dae1311fe51d0744f7d234498bac3fe024ec7088c0ca47",
    "https://deno.land/x/hono@v3.3.1/request.ts": "abbfbd63516c7ee60445b85a5ae8d45a8c9b4dc1a536af5cf84ff73b742ebda4",
    "https://deno.land/x/hono@v3.3.1/router.ts": "d03e2a9e862c898e8555b451ba80c65b1f39d487230815229e1f046dbd8546cb",
    "https://deno.land/x/hono@v3.3.1/router/reg-exp-router/index.ts": "52755829213941756159b7a963097bafde5cc4fc22b13b1c7c9184dc0512d1db",
    "https://deno.land/x/hono@v3.3.1/router/reg-exp-router/node.ts": "8006b5bccb83d9fc98e0562a5545f6dd0be639ce445b089a6171c9c617aa8693",
    "https://deno.land/x/hono@v3.3.1/router/reg-exp-router/router.ts": "aeddd88e16a7ec3cf088a13ee952cfcb3319f97559767253e1a600f72fc70f27",
    "https://deno.land/x/hono@v3.3.1/router/reg-exp-router/trie.ts": "567493b301c44174f0895aedb8d055bbecf88f8a25626fa8ca61333bbd0c882c",
    "https://deno.land/x/hono@v3.3.1/router/smart-router/index.ts": "74f9b4fe15ea535900f2b9b048581915f12fe94e531dd2b0032f5610e61c3bef",
    "https://deno.land/x/hono@v3.3.1/router/smart-router/router.ts": "38209165dadea4182b42807a0a6c84a9258532a07ebf87262dc2b5b09d25a2a2",
    "https://deno.land/x/hono@v3.3.1/router/trie-router/index.ts": "3eb75e7f71ba81801631b30de6b1f5cefb2c7239c03797e2b2cbab5085911b41",
    "https://deno.land/x/hono@v3.3.1/router/trie-router/node.ts": "3e27c0ff9b1d677c4ab1fbf0895e81c8e3ba277c6c2ccbc68a98185b32040c95",
    "https://deno.land/x/hono@v3.3.1/router/trie-router/router.ts": "ad0b3fdabc33abd11a9f5819734aec743602a743cfc9f90ddad73787cd5e7727",
    "https://deno.land/x/hono@v3.3.1/types.ts": "d9733cf808ae9828fb12b62ff4decc23992da8f2050294a16e4af6d90db302f3",
    "https://deno.land/x/hono@v3.3.1/utils/body.ts": "67627aaac6ea8d3d2f2ffcb0aabccfe0c854ee11eaecd36dfcc2f012005337f7",
    "https://deno.land/x/hono@v3.3.1/utils/buffer.ts": "d28ab08d2571e890ec2ad7ce4c0318a503094f8403eac3d5eb18a8e5c23b29b2",
    "https://deno.land/x/hono@v3.3.1/utils/cookie.ts": "ff2f948c27fb8867fc990b1b6b182dfbe4c263c60a94cd33aefa77af5cdb1655",
    "https://deno.land/x/hono@v3.3.1/utils/crypto.ts": "bda0e141bbe46d3a4a20f8fbcb6380d473b617123d9fdfa93e4499410b537acc",
    "https://deno.land/x/hono@v3.3.1/utils/encode.ts": "3b7c7d736123b5073542b34321700d4dbf5ff129c138f434bb2144a4d425ee89",
    "https://deno.land/x/hono@v3.3.1/utils/filepath.ts": "5f708bb6a2f0b8e83a3333868ac86abdfba15e52b46acb5e13018fa2138f0826",
    "https://deno.land/x/hono@v3.3.1/utils/html.ts": "636c4a04eaea1c52c14a37cd28d83cba66b293d1e31420a4475e951268901ae4",
    "https://deno.land/x/hono@v3.3.1/utils/jwt/index.ts": "5e4b82a42eb3603351dfce726cd781ca41cb57437395409d227131aec348d2d5",
    "https://deno.land/x/hono@v3.3.1/utils/jwt/jwt.ts": "e822e0c183cdc77709ccfba7b527f624f695c149425a00602d314165a87ee1bf",
    "https://deno.land/x/hono@v3.3.1/utils/jwt/types.ts": "16d7fa878a875eddd0049f0aa0192075058f19d51816a5d484d9b80e4d27abea",
    "https://deno.land/x/hono@v3.3.1/utils/mime.ts": "e17bdbac85b97c3d223c48874c2abe867e0720461e9f7e0c340141c080b9c6d6",
    "https://deno.land/x/hono@v3.3.1/utils/url.ts": "ad1c84749c1d8fc9b069a074003855b52c04bd56b64ac731a0abc276dfe90dcc",
    "https://deno.land/x/hono@v3.3.2/adapter/deno/serve-static.ts": "3ff72406ed66d800459c6a930c6a19b6d37019afe233cb65b43bb944b17147a3",
    "https://deno.land/x/hono@v3.3.2/compose.ts": "e55ed7be2134f363ff3c8e8e2f520ff682c6a11a47d7189100ed69704ce10b9e",
    "https://deno.land/x/hono@v3.3.2/context.ts": "a9d2dba3528df1a804d78630f867a8aaee2ebc8b498c5c781eeb057539dedb20",
    "https://deno.land/x/hono@v3.3.2/hono-base.ts": "4b5ca6acc83cb9cdbff57ed564628b07fc0f957a983310002f609ed79aaa80e5",
    "https://deno.land/x/hono@v3.3.2/hono.ts": "c185fae30dc3aa9966b0f3e8599f81314ba5e8621b907d27cffb77414a1c0908",
    "https://deno.land/x/hono@v3.3.2/http-exception.ts": "6071df078b5f76d279684d52fe82a590f447a64ffe1b75eb5064d0c8a8d2d676",
    "https://deno.land/x/hono@v3.3.2/middleware.ts": "45f7b75d3e589dcae6952cd5b4fa460c3c1a7cf8155fdae74e69bac4e5615f25",
    "https://deno.land/x/hono@v3.3.2/middleware/basic-auth/index.ts": "5505288ccf9364f56f7be2dfac841543b72e20656e54ac646a1a73a0aa853261",
    "https://deno.land/x/hono@v3.3.2/middleware/bearer-auth/index.ts": "11d4ead9b57f5bcb2b6b4bf27076871f15da0e1e8828b2b79d90c15423357b47",
    "https://deno.land/x/hono@v3.3.2/middleware/cache/index.ts": "9e5d31d33206bb5dba46dde16ed606dd2cb361d75c26b02e02c72bd1fb6fe53e",
    "https://deno.land/x/hono@v3.3.2/middleware/compress/index.ts": "0b8ddbd70688361d5ef4e9418afa28affe2500a7f41a231a87873dad26ef5548",
    "https://deno.land/x/hono@v3.3.2/middleware/cookie/index.ts": "36d767c74a26cbb4dca581a0817e72cb698cd218d3f58176f38c04d421770940",
    "https://deno.land/x/hono@v3.3.2/middleware/cors/index.ts": "c227e20bdd6481120e39a222e8dcec24ab129714748f68f3ddc859ef6855fe0f",
    "https://deno.land/x/hono@v3.3.2/middleware/etag/index.ts": "cef6d5e7a11aa692f6c519419edc0fb2aa66bccca9908e0bb307a15f38afb6b7",
    "https://deno.land/x/hono@v3.3.2/middleware/html/index.ts": "a5028d8170dcc030d003749e743213e6532ff65798b741b81220207abc9af82d",
    "https://deno.land/x/hono@v3.3.2/middleware/jsx/index.ts": "b86d2b1f333ccb3a6ffc3c77928ef8734cdfce90f10b26b01682dfd4fe192b5e",
    "https://deno.land/x/hono@v3.3.2/middleware/jwt/index.ts": "6a8fa9ca42e49756dd1b8db6f0abe5b6684681ece8fc7f65a4892f7a82000236",
    "https://deno.land/x/hono@v3.3.2/middleware/logger/index.ts": "c139f372f482baeffbad68b14bef990e011fe8df578dcee71fb612ffad7fe748",
    "https://deno.land/x/hono@v3.3.2/middleware/powered-by/index.ts": "c36b7a3d1322c6a37f3d1510f7ff04a85aa6cacfac2173e5f1913eb16c3cc869",
    "https://deno.land/x/hono@v3.3.2/middleware/pretty-json/index.ts": "f4a4b2fa2ecb73e23da6f0ef716fe7d6a7f05c69f64dc7f89fc68cbcb204a87f",
    "https://deno.land/x/hono@v3.3.2/middleware/timing/index.ts": "d6976a07d9d51a7b26dae1311fe51d0744f7d234498bac3fe024ec7088c0ca47",
    "https://deno.land/x/hono@v3.3.2/request.ts": "abbfbd63516c7ee60445b85a5ae8d45a8c9b4dc1a536af5cf84ff73b742ebda4",
    "https://deno.land/x/hono@v3.3.2/router.ts": "d03e2a9e862c898e8555b451ba80c65b1f39d487230815229e1f046dbd8546cb",
    "https://deno.land/x/hono@v3.3.2/router/reg-exp-router/index.ts": "52755829213941756159b7a963097bafde5cc4fc22b13b1c7c9184dc0512d1db",
    "https://deno.land/x/hono@v3.3.2/router/reg-exp-router/node.ts": "8006b5bccb83d9fc98e0562a5545f6dd0be639ce445b089a6171c9c617aa8693",
    "https://deno.land/x/hono@v3.3.2/router/reg-exp-router/router.ts": "aeddd88e16a7ec3cf088a13ee952cfcb3319f97559767253e1a600f72fc70f27",
    "https://deno.land/x/hono@v3.3.2/router/reg-exp-router/trie.ts": "567493b301c44174f0895aedb8d055bbecf88f8a25626fa8ca61333bbd0c882c",
    "https://deno.land/x/hono@v3.3.2/router/smart-router/index.ts": "74f9b4fe15ea535900f2b9b048581915f12fe94e531dd2b0032f5610e61c3bef",
    "https://deno.land/x/hono@v3.3.2/router/smart-router/router.ts": "38209165dadea4182b42807a0a6c84a9258532a07ebf87262dc2b5b09d25a2a2",
    "https://deno.land/x/hono@v3.3.2/router/trie-router/index.ts": "3eb75e7f71ba81801631b30de6b1f5cefb2c7239c03797e2b2cbab5085911b41",
    "https://deno.land/x/hono@v3.3.2/router/trie-router/node.ts": "a52111dea7436d6817ffca04018eb65e552e9d7b15fba11b367016334dcb1b0f",
    "https://deno.land/x/hono@v3.3.2/router/trie-router/router.ts": "ad0b3fdabc33abd11a9f5819734aec743602a743cfc9f90ddad73787cd5e7727",
    "https://deno.land/x/hono@v3.3.2/types.ts": "d9733cf808ae9828fb12b62ff4decc23992da8f2050294a16e4af6d90db302f3",
    "https://deno.land/x/hono@v3.3.2/utils/body.ts": "67627aaac6ea8d3d2f2ffcb0aabccfe0c854ee11eaecd36dfcc2f012005337f7",
    "https://deno.land/x/hono@v3.3.2/utils/buffer.ts": "d28ab08d2571e890ec2ad7ce4c0318a503094f8403eac3d5eb18a8e5c23b29b2",
    "https://deno.land/x/hono@v3.3.2/utils/cookie.ts": "ff2f948c27fb8867fc990b1b6b182dfbe4c263c60a94cd33aefa77af5cdb1655",
    "https://deno.land/x/hono@v3.3.2/utils/crypto.ts": "bda0e141bbe46d3a4a20f8fbcb6380d473b617123d9fdfa93e4499410b537acc",
    "https://deno.land/x/hono@v3.3.2/utils/encode.ts": "3b7c7d736123b5073542b34321700d4dbf5ff129c138f434bb2144a4d425ee89",
    "https://deno.land/x/hono@v3.3.2/utils/filepath.ts": "5f708bb6a2f0b8e83a3333868ac86abdfba15e52b46acb5e13018fa2138f0826",
    "https://deno.land/x/hono@v3.3.2/utils/html.ts": "636c4a04eaea1c52c14a37cd28d83cba66b293d1e31420a4475e951268901ae4",
    "https://deno.land/x/hono@v3.3.2/utils/jwt/index.ts": "5e4b82a42eb3603351dfce726cd781ca41cb57437395409d227131aec348d2d5",
    "https://deno.land/x/hono@v3.3.2/utils/jwt/jwt.ts": "e822e0c183cdc77709ccfba7b527f624f695c149425a00602d314165a87ee1bf",
    "https://deno.land/x/hono@v3.3.2/utils/jwt/types.ts": "16d7fa878a875eddd0049f0aa0192075058f19d51816a5d484d9b80e4d27abea",
    "https://deno.land/x/hono@v3.3.2/utils/mime.ts": "e17bdbac85b97c3d223c48874c2abe867e0720461e9f7e0c340141c080b9c6d6",
    "https://deno.land/x/hono@v3.3.2/utils/url.ts": "ad1c84749c1d8fc9b069a074003855b52c04bd56b64ac731a0abc276dfe90dcc"
  }
}
